
Microsoft Visual Studio Solution File, Format Version 12.00
# Visual Studio Version 17
VisualStudioVersion = 17.13.35825.156 d17.13
MinimumVisualStudioVersion = 10.0.40219.1
Project("{FAE04EC0-301F-11D3-BF4B-00C04F79EFBC}") = "TPMOD4", "TPMOD4\TPMOD4.csproj", "{7C40501E-FCF5-4F1D-9B69-2F59CF4EFDE0}"
EndProject
Global
	GlobalSection(SolutionConfigurationPlatforms) = preSolution
		Debug|Any CPU = Debug|Any CPU
		Release|Any CPU = Release|Any CPU
	EndGlobalSection
	GlobalSection(ProjectConfigurationPlatforms) = postSolution
		{7C40501E-FCF5-4F1D-9B69-2F59CF4EFDE0}.Debug|Any CPU.ActiveCfg = Debug|Any CPU
		{7C40501E-FCF5-4F1D-9B69-2F59CF4EFDE0}.Debug|Any CPU.Build.0 = Debug|Any CPU
		{7C40501E-FCF5-4F1D-9B69-2F59CF4EFDE0}.Release|Any CPU.ActiveCfg = Release|Any CPU
		{7C40501E-FCF5-4F1D-9B69-2F59CF4EFDE0}.Release|Any CPU.Build.0 = Release|Any CPU
	EndGlobalSection
	GlobalSection(SolutionProperties) = preSolution
		HideSolutionNode = FALSE
	EndGlobalSection
	GlobalSection(ExtensibilityGlobals) = postSolution
		SolutionGuid = {BFFBAC1F-F430-4E27-A8EE-B6E6B0C2C5E3}
	EndGlobalSection
EndGlobal
